// !$*UTF8*$!
{
	archiveVersion = 1;
	classes = {
	};
	objectVersion = 56;
	objects = {

/* Begin PBXBuildFile section */
		70A0094B29BC81EC002FD854 /* AppDelegate.swift in Sources */ = {isa = PBXBuildFile; fileRef = 70A0094A29BC81EC002FD854 /* AppDelegate.swift */; };
		70A0094D29BC81EC002FD854 /* SceneDelegate.swift in Sources */ = {isa = PBXBuildFile; fileRef = 70A0094C29BC81EC002FD854 /* SceneDelegate.swift */; };
		70A0094F29BC81EC002FD854 /* MainTabBarViewController.swift in Sources */ = {isa = PBXBuildFile; fileRef = 70A0094E29BC81EC002FD854 /* MainTabBarViewController.swift */; };
		70A0095429BC81EE002FD854 /* Assets.xcassets in Resources */ = {isa = PBXBuildFile; fileRef = 70A0095329BC81EE002FD854 /* Assets.xcassets */; };
		70A0095729BC81EE002FD854 /* LaunchScreen.storyboard in Resources */ = {isa = PBXBuildFile; fileRef = 70A0095529BC81EE002FD854 /* LaunchScreen.storyboard */; };
		70A0096229BC81EE002FD854 /* Netflix_CloneTests.swift in Sources */ = {isa = PBXBuildFile; fileRef = 70A0096129BC81EE002FD854 /* Netflix_CloneTests.swift */; };
		70A0096C29BC81EE002FD854 /* Netflix_CloneUITests.swift in Sources */ = {isa = PBXBuildFile; fileRef = 70A0096B29BC81EE002FD854 /* Netflix_CloneUITests.swift */; };
		70A0096E29BC81EE002FD854 /* Netflix_CloneUITestsLaunchTests.swift in Sources */ = {isa = PBXBuildFile; fileRef = 70A0096D29BC81EE002FD854 /* Netflix_CloneUITestsLaunchTests.swift */; };
		70A0097C29BC86EB002FD854 /* HomeViewController.swift in Sources */ = {isa = PBXBuildFile; fileRef = 70A0097B29BC86EB002FD854 /* HomeViewController.swift */; };
		70A0097E29BC8700002FD854 /* UpcomingViewController.swift in Sources */ = {isa = PBXBuildFile; fileRef = 70A0097D29BC8700002FD854 /* UpcomingViewController.swift */; };
		70A0098029BC870D002FD854 /* SearchViewController.swift in Sources */ = {isa = PBXBuildFile; fileRef = 70A0097F29BC870D002FD854 /* SearchViewController.swift */; };
		70A0098229BC8719002FD854 /* DownloadsViewController.swift in Sources */ = {isa = PBXBuildFile; fileRef = 70A0098129BC8719002FD854 /* DownloadsViewController.swift */; };
		70A0098929BC9312002FD854 /* CollectionViewTableViewCell.swift in Sources */ = {isa = PBXBuildFile; fileRef = 70A0098829BC9312002FD854 /* CollectionViewTableViewCell.swift */; };
		70A0098B29BCDD9A002FD854 /* HeroHeaderUIView.swift in Sources */ = {isa = PBXBuildFile; fileRef = 70A0098A29BCDD9A002FD854 /* HeroHeaderUIView.swift */; };
		70A0098D29BD0259002FD854 /* APICaller.swift in Sources */ = {isa = PBXBuildFile; fileRef = 70A0098C29BD0259002FD854 /* APICaller.swift */; };
		70A0098F29BD0726002FD854 /* MovieModel.swift in Sources */ = {isa = PBXBuildFile; fileRef = 70A0098E29BD0726002FD854 /* MovieModel.swift */; };
		70A0099229BDA4BC002FD854 /* MovieCollectionViewCell.swift in Sources */ = {isa = PBXBuildFile; fileRef = 70A0099129BDA4BC002FD854 /* MovieCollectionViewCell.swift */; };
		70A0099529BDA68C002FD854 /* SDWebImage in Frameworks */ = {isa = PBXBuildFile; productRef = 70A0099429BDA68C002FD854 /* SDWebImage */; };
		70A0099729BDA68C002FD854 /* SDWebImageMapKit in Frameworks */ = {isa = PBXBuildFile; productRef = 70A0099629BDA68C002FD854 /* SDWebImageMapKit */; };
/* End PBXBuildFile section */

/* Begin PBXContainerItemProxy section */
		70A0095E29BC81EE002FD854 /* PBXContainerItemProxy */ = {
			isa = PBXContainerItemProxy;
			containerPortal = 70A0093F29BC81EC002FD854 /* Project object */;
			proxyType = 1;
			remoteGlobalIDString = 70A0094629BC81EC002FD854;
			remoteInfo = "Netflix Clone";
		};
		70A0096829BC81EE002FD854 /* PBXContainerItemProxy */ = {
			isa = PBXContainerItemProxy;
			containerPortal = 70A0093F29BC81EC002FD854 /* Project object */;
			proxyType = 1;
			remoteGlobalIDString = 70A0094629BC81EC002FD854;
			remoteInfo = "Netflix Clone";
		};
/* End PBXContainerItemProxy section */

/* Begin PBXFileReference section */
		70A0094729BC81EC002FD854 /* Netflix Clone.app */ = {isa = PBXFileReference; explicitFileType = wrapper.application; includeInIndex = 0; path = "Netflix Clone.app"; sourceTree = BUILT_PRODUCTS_DIR; };
		70A0094A29BC81EC002FD854 /* AppDelegate.swift */ = {isa = PBXFileReference; lastKnownFileType = sourcecode.swift; path = AppDelegate.swift; sourceTree = "<group>"; };
		70A0094C29BC81EC002FD854 /* SceneDelegate.swift */ = {isa = PBXFileReference; lastKnownFileType = sourcecode.swift; path = SceneDelegate.swift; sourceTree = "<group>"; };
		70A0094E29BC81EC002FD854 /* MainTabBarViewController.swift */ = {isa = PBXFileReference; lastKnownFileType = sourcecode.swift; path = MainTabBarViewController.swift; sourceTree = "<group>"; };
		70A0095329BC81EE002FD854 /* Assets.xcassets */ = {isa = PBXFileReference; lastKnownFileType = folder.assetcatalog; path = Assets.xcassets; sourceTree = "<group>"; };
		70A0095629BC81EE002FD854 /* Base */ = {isa = PBXFileReference; lastKnownFileType = file.storyboard; name = Base; path = Base.lproj/LaunchScreen.storyboard; sourceTree = "<group>"; };
		70A0095829BC81EE002FD854 /* Info.plist */ = {isa = PBXFileReference; lastKnownFileType = text.plist.xml; path = Info.plist; sourceTree = "<group>"; };
		70A0095D29BC81EE002FD854 /* Netflix CloneTests.xctest */ = {isa = PBXFileReference; explicitFileType = wrapper.cfbundle; includeInIndex = 0; path = "Netflix CloneTests.xctest"; sourceTree = BUILT_PRODUCTS_DIR; };
		70A0096129BC81EE002FD854 /* Netflix_CloneTests.swift */ = {isa = PBXFileReference; lastKnownFileType = sourcecode.swift; path = Netflix_CloneTests.swift; sourceTree = "<group>"; };
		70A0096729BC81EE002FD854 /* Netflix CloneUITests.xctest */ = {isa = PBXFileReference; explicitFileType = wrapper.cfbundle; includeInIndex = 0; path = "Netflix CloneUITests.xctest"; sourceTree = BUILT_PRODUCTS_DIR; };
		70A0096B29BC81EE002FD854 /* Netflix_CloneUITests.swift */ = {isa = PBXFileReference; lastKnownFileType = sourcecode.swift; path = Netflix_CloneUITests.swift; sourceTree = "<group>"; };
		70A0096D29BC81EE002FD854 /* Netflix_CloneUITestsLaunchTests.swift */ = {isa = PBXFileReference; lastKnownFileType = sourcecode.swift; path = Netflix_CloneUITestsLaunchTests.swift; sourceTree = "<group>"; };
		70A0097B29BC86EB002FD854 /* HomeViewController.swift */ = {isa = PBXFileReference; lastKnownFileType = sourcecode.swift; path = HomeViewController.swift; sourceTree = "<group>"; };
		70A0097D29BC8700002FD854 /* UpcomingViewController.swift */ = {isa = PBXFileReference; lastKnownFileType = sourcecode.swift; path = UpcomingViewController.swift; sourceTree = "<group>"; };
		70A0097F29BC870D002FD854 /* SearchViewController.swift */ = {isa = PBXFileReference; lastKnownFileType = sourcecode.swift; path = SearchViewController.swift; sourceTree = "<group>"; };
		70A0098129BC8719002FD854 /* DownloadsViewController.swift */ = {isa = PBXFileReference; lastKnownFileType = sourcecode.swift; path = DownloadsViewController.swift; sourceTree = "<group>"; };
		70A0098829BC9312002FD854 /* CollectionViewTableViewCell.swift */ = {isa = PBXFileReference; lastKnownFileType = sourcecode.swift; path = CollectionViewTableViewCell.swift; sourceTree = "<group>"; };
		70A0098A29BCDD9A002FD854 /* HeroHeaderUIView.swift */ = {isa = PBXFileReference; lastKnownFileType = sourcecode.swift; path = HeroHeaderUIView.swift; sourceTree = "<group>"; };
		70A0098C29BD0259002FD854 /* APICaller.swift */ = {isa = PBXFileReference; lastKnownFileType = sourcecode.swift; path = APICaller.swift; sourceTree = "<group>"; };
		70A0098E29BD0726002FD854 /* MovieModel.swift */ = {isa = PBXFileReference; lastKnownFileType = sourcecode.swift; path = MovieModel.swift; sourceTree = "<group>"; };
		70A0099129BDA4BC002FD854 /* MovieCollectionViewCell.swift */ = {isa = PBXFileReference; lastKnownFileType = sourcecode.swift; path = MovieCollectionViewCell.swift; sourceTree = "<group>"; };
/* End PBXFileReference section */

/* Begin PBXFrameworksBuildPhase section */
		70A0094429BC81EC002FD854 /* Frameworks */ = {
			isa = PBXFrameworksBuildPhase;
			buildActionMask = 2147483647;
			files = (
				70A0099729BDA68C002FD854 /* SDWebImageMapKit in Frameworks */,
				70A0099529BDA68C002FD854 /* SDWebImage in Frameworks */,
			);
			runOnlyForDeploymentPostprocessing = 0;
		};
		70A0095A29BC81EE002FD854 /* Frameworks */ = {
			isa = PBXFrameworksBuildPhase;
			buildActionMask = 2147483647;
			files = (
			);
			runOnlyForDeploymentPostprocessing = 0;
		};
		70A0096429BC81EE002FD854 /* Frameworks */ = {
			isa = PBXFrameworksBuildPhase;
			buildActionMask = 2147483647;
			files = (
			);
			runOnlyForDeploymentPostprocessing = 0;
		};
/* End PBXFrameworksBuildPhase section */

/* Begin PBXGroup section */
		70A0093E29BC81EC002FD854 = {
			isa = PBXGroup;
			children = (
				70A0094929BC81EC002FD854 /* Netflix Clone */,
				70A0096029BC81EE002FD854 /* Netflix CloneTests */,
				70A0096A29BC81EE002FD854 /* Netflix CloneUITests */,
				70A0094829BC81EC002FD854 /* Products */,
			);
			sourceTree = "<group>";
		};
		70A0094829BC81EC002FD854 /* Products */ = {
			isa = PBXGroup;
			children = (
				70A0094729BC81EC002FD854 /* Netflix Clone.app */,
				70A0095D29BC81EE002FD854 /* Netflix CloneTests.xctest */,
				70A0096729BC81EE002FD854 /* Netflix CloneUITests.xctest */,
			);
			name = Products;
			sourceTree = "<group>";
		};
		70A0094929BC81EC002FD854 /* Netflix Clone */ = {
			isa = PBXGroup;
			children = (
				70A0098729BC92D9002FD854 /* Resources */,
				70A0098629BC92CE002FD854 /* Managers */,
				70A0098329BC92A5002FD854 /* Models */,
				70A0098529BC92BE002FD854 /* Views */,
				70A0098429BC92AF002FD854 /* ViewModels */,
				70A0097A29BC86C6002FD854 /* Controllers */,
				70A0094A29BC81EC002FD854 /* AppDelegate.swift */,
				70A0094C29BC81EC002FD854 /* SceneDelegate.swift */,
				70A0094E29BC81EC002FD854 /* MainTabBarViewController.swift */,
				70A0095329BC81EE002FD854 /* Assets.xcassets */,
				70A0095529BC81EE002FD854 /* LaunchScreen.storyboard */,
				70A0095829BC81EE002FD854 /* Info.plist */,
			);
			path = "Netflix Clone";
			sourceTree = "<group>";
		};
		70A0096029BC81EE002FD854 /* Netflix CloneTests */ = {
			isa = PBXGroup;
			children = (
				70A0096129BC81EE002FD854 /* Netflix_CloneTests.swift */,
			);
			path = "Netflix CloneTests";
			sourceTree = "<group>";
		};
		70A0096A29BC81EE002FD854 /* Netflix CloneUITests */ = {
			isa = PBXGroup;
			children = (
				70A0096B29BC81EE002FD854 /* Netflix_CloneUITests.swift */,
				70A0096D29BC81EE002FD854 /* Netflix_CloneUITestsLaunchTests.swift */,
			);
			path = "Netflix CloneUITests";
			sourceTree = "<group>";
		};
		70A0097A29BC86C6002FD854 /* Controllers */ = {
			isa = PBXGroup;
			children = (
				70A0097B29BC86EB002FD854 /* HomeViewController.swift */,
				70A0097D29BC8700002FD854 /* UpcomingViewController.swift */,
				70A0097F29BC870D002FD854 /* SearchViewController.swift */,
				70A0098129BC8719002FD854 /* DownloadsViewController.swift */,
			);
			path = Controllers;
			sourceTree = "<group>";
		};
		70A0098329BC92A5002FD854 /* Models */ = {
			isa = PBXGroup;
			children = (
				70A0098E29BD0726002FD854 /* MovieModel.swift */,
			);
			path = Models;
			sourceTree = "<group>";
		};
		70A0098429BC92AF002FD854 /* ViewModels */ = {
			isa = PBXGroup;
			children = (
			);
			path = ViewModels;
			sourceTree = "<group>";
		};
		70A0098529BC92BE002FD854 /* Views */ = {
			isa = PBXGroup;
			children = (
				70A0098829BC9312002FD854 /* CollectionViewTableViewCell.swift */,
				70A0098A29BCDD9A002FD854 /* HeroHeaderUIView.swift */,
				70A0099129BDA4BC002FD854 /* MovieCollectionViewCell.swift */,
			);
			path = Views;
			sourceTree = "<group>";
		};
		70A0098629BC92CE002FD854 /* Managers */ = {
			isa = PBXGroup;
			children = (
				70A0098C29BD0259002FD854 /* APICaller.swift */,
			);
			path = Managers;
			sourceTree = "<group>";
		};
		70A0098729BC92D9002FD854 /* Resources */ = {
			isa = PBXGroup;
			children = (
			);
			path = Resources;
			sourceTree = "<group>";
		};
/* End PBXGroup section */

/* Begin PBXNativeTarget section */
		70A0094629BC81EC002FD854 /* Netflix Clone */ = {
			isa = PBXNativeTarget;
			buildConfigurationList = 70A0097129BC81EE002FD854 /* Build configuration list for PBXNativeTarget "Netflix Clone" */;
			buildPhases = (
				70A0094329BC81EC002FD854 /* Sources */,
				70A0094429BC81EC002FD854 /* Frameworks */,
				70A0094529BC81EC002FD854 /* Resources */,
			);
			buildRules = (
			);
			dependencies = (
			);
			name = "Netflix Clone";
			packageProductDependencies = (
				70A0099429BDA68C002FD854 /* SDWebImage */,
				70A0099629BDA68C002FD854 /* SDWebImageMapKit */,
			);
			productName = "Netflix Clone";
			productReference = 70A0094729BC81EC002FD854 /* Netflix Clone.app */;
			productType = "com.apple.product-type.application";
		};
		70A0095C29BC81EE002FD854 /* Netflix CloneTests */ = {
			isa = PBXNativeTarget;
			buildConfigurationList = 70A0097429BC81EE002FD854 /* Build configuration list for PBXNativeTarget "Netflix CloneTests" */;
			buildPhases = (
				70A0095929BC81EE002FD854 /* Sources */,
				70A0095A29BC81EE002FD854 /* Frameworks */,
				70A0095B29BC81EE002FD854 /* Resources */,
			);
			buildRules = (
			);
			dependencies = (
				70A0095F29BC81EE002FD854 /* PBXTargetDependency */,
			);
			name = "Netflix CloneTests";
			productName = "Netflix CloneTests";
			productReference = 70A0095D29BC81EE002FD854 /* Netflix CloneTests.xctest */;
			productType = "com.apple.product-type.bundle.unit-test";
		};
		70A0096629BC81EE002FD854 /* Netflix CloneUITests */ = {
			isa = PBXNativeTarget;
			buildConfigurationList = 70A0097729BC81EE002FD854 /* Build configuration list for PBXNativeTarget "Netflix CloneUITests" */;
			buildPhases = (
				70A0096329BC81EE002FD854 /* Sources */,
				70A0096429BC81EE002FD854 /* Frameworks */,
				70A0096529BC81EE002FD854 /* Resources */,
			);
			buildRules = (
			);
			dependencies = (
				70A0096929BC81EE002FD854 /* PBXTargetDependency */,
			);
			name = "Netflix CloneUITests";
			productName = "Netflix CloneUITests";
			productReference = 70A0096729BC81EE002FD854 /* Netflix CloneUITests.xctest */;
			productType = "com.apple.product-type.bundle.ui-testing";
		};
/* End PBXNativeTarget section */

/* Begin PBXProject section */
		70A0093F29BC81EC002FD854 /* Project object */ = {
			isa = PBXProject;
			attributes = {
				BuildIndependentTargetsInParallel = 1;
				LastSwiftUpdateCheck = 1420;
				LastUpgradeCheck = 1420;
				TargetAttributes = {
					70A0094629BC81EC002FD854 = {
						CreatedOnToolsVersion = 14.2;
					};
					70A0095C29BC81EE002FD854 = {
						CreatedOnToolsVersion = 14.2;
						TestTargetID = 70A0094629BC81EC002FD854;
					};
					70A0096629BC81EE002FD854 = {
						CreatedOnToolsVersion = 14.2;
						TestTargetID = 70A0094629BC81EC002FD854;
					};
				};
			};
			buildConfigurationList = 70A0094229BC81EC002FD854 /* Build configuration list for PBXProject "Netflix Clone" */;
			compatibilityVersion = "Xcode 14.0";
			developmentRegion = en;
			hasScannedForEncodings = 0;
			knownRegions = (
				en,
				Base,
			);
			mainGroup = 70A0093E29BC81EC002FD854;
			packageReferences = (
				70A0099329BDA68C002FD854 /* XCRemoteSwiftPackageReference "SDWebImage" */,
			);
			productRefGroup = 70A0094829BC81EC002FD854 /* Products */;
			projectDirPath = "";
			projectRoot = "";
			targets = (
				70A0094629BC81EC002FD854 /* Netflix Clone */,
				70A0095C29BC81EE002FD854 /* Netflix CloneTests */,
				70A0096629BC81EE002FD854 /* Netflix CloneUITests */,
			);
		};
/* End PBXProject section */

/* Begin PBXResourcesBuildPhase section */
		70A0094529BC81EC002FD854 /* Resources */ = {
			isa = PBXResourcesBuildPhase;
			buildActionMask = 2147483647;
			files = (
				70A0095729BC81EE002FD854 /* LaunchScreen.storyboard in Resources */,
				70A0095429BC81EE002FD854 /* Assets.xcassets in Resources */,
			);
			runOnlyForDeploymentPostprocessing = 0;
		};
		70A0095B29BC81EE002FD854 /* Resources */ = {
			isa = PBXResourcesBuildPhase;
			buildActionMask = 2147483647;
			files = (
			);
			runOnlyForDeploymentPostprocessing = 0;
		};
		70A0096529BC81EE002FD854 /* Resources */ = {
			isa = PBXResourcesBuildPhase;
			buildActionMask = 2147483647;
			files = (
			);
			runOnlyForDeploymentPostprocessing = 0;
		};
/* End PBXResourcesBuildPhase section */

/* Begin PBXSourcesBuildPhase section */
		70A0094329BC81EC002FD854 /* Sources */ = {
			isa = PBXSourcesBuildPhase;
			buildActionMask = 2147483647;
			files = (
				70A0098F29BD0726002FD854 /* MovieModel.swift in Sources */,
				70A0098029BC870D002FD854 /* SearchViewController.swift in Sources */,
				70A0094F29BC81EC002FD854 /* MainTabBarViewController.swift in Sources */,
				70A0099229BDA4BC002FD854 /* MovieCollectionViewCell.swift in Sources */,
				70A0098929BC9312002FD854 /* CollectionViewTableViewCell.swift in Sources */,
				70A0098D29BD0259002FD854 /* APICaller.swift in Sources */,
				70A0098B29BCDD9A002FD854 /* HeroHeaderUIView.swift in Sources */,
				70A0098229BC8719002FD854 /* DownloadsViewController.swift in Sources */,
				70A0094B29BC81EC002FD854 /* AppDelegate.swift in Sources */,
				70A0094D29BC81EC002FD854 /* SceneDelegate.swift in Sources */,
				70A0097E29BC8700002FD854 /* UpcomingViewController.swift in Sources */,
				70A0097C29BC86EB002FD854 /* HomeViewController.swift in Sources */,
			);
			runOnlyForDeploymentPostprocessing = 0;
		};
		70A0095929BC81EE002FD854 /* Sources */ = {
			isa = PBXSourcesBuildPhase;
			buildActionMask = 2147483647;
			files = (
				70A0096229BC81EE002FD854 /* Netflix_CloneTests.swift in Sources */,
			);
			runOnlyForDeploymentPostprocessing = 0;
		};
		70A0096329BC81EE002FD854 /* Sources */ = {
			isa = PBXSourcesBuildPhase;
			buildActionMask = 2147483647;
			files = (
				70A0096C29BC81EE002FD854 /* Netflix_CloneUITests.swift in Sources */,
				70A0096E29BC81EE002FD854 /* Netflix_CloneUITestsLaunchTests.swift in Sources */,
			);
			runOnlyForDeploymentPostprocessing = 0;
		};
/* End PBXSourcesBuildPhase section */

/* Begin PBXTargetDependency section */
		70A0095F29BC81EE002FD854 /* PBXTargetDependency */ = {
			isa = PBXTargetDependency;
			target = 70A0094629BC81EC002FD854 /* Netflix Clone */;
			targetProxy = 70A0095E29BC81EE002FD854 /* PBXContainerItemProxy */;
		};
		70A0096929BC81EE002FD854 /* PBXTargetDependency */ = {
			isa = PBXTargetDependency;
			target = 70A0094629BC81EC002FD854 /* Netflix Clone */;
			targetProxy = 70A0096829BC81EE002FD854 /* PBXContainerItemProxy */;
		};
/* End PBXTargetDependency section */

/* Begin PBXVariantGroup section */
		70A0095529BC81EE002FD854 /* LaunchScreen.storyboard */ = {
			isa = PBXVariantGroup;
			children = (
				70A0095629BC81EE002FD854 /* Base */,
			);
			name = LaunchScreen.storyboard;
			sourceTree = "<group>";
		};
/* End PBXVariantGroup section */

/* Begin XCBuildConfiguration section */
		70A0096F29BC81EE002FD854 /* Debug */ = {
			isa = XCBuildConfiguration;
			buildSettings = {
				ALWAYS_SEARCH_USER_PATHS = NO;
				CLANG_ANALYZER_NONNULL = YES;
				CLANG_ANALYZER_NUMBER_OBJECT_CONVERSION = YES_AGGRESSIVE;
				CLANG_CXX_LANGUAGE_STANDARD = "gnu++20";
				CLANG_ENABLE_MODULES = YES;
				CLANG_ENABLE_OBJC_ARC = YES;
				CLANG_ENABLE_OBJC_WEAK = YES;
				CLANG_WARN_BLOCK_CAPTURE_AUTORELEASING = YES;
				CLANG_WARN_BOOL_CONVERSION = YES;
				CLANG_WARN_COMMA = YES;
				CLANG_WARN_CONSTANT_CONVERSION = YES;
				CLANG_WARN_DEPRECATED_OBJC_IMPLEMENTATIONS = YES;
				CLANG_WARN_DIRECT_OBJC_ISA_USAGE = YES_ERROR;
				CLANG_WARN_DOCUMENTATION_COMMENTS = YES;
				CLANG_WARN_EMPTY_BODY = YES;
				CLANG_WARN_ENUM_CONVERSION = YES;
				CLANG_WARN_INFINITE_RECURSION = YES;
				CLANG_WARN_INT_CONVERSION = YES;
				CLANG_WARN_NON_LITERAL_NULL_CONVERSION = YES;
				CLANG_WARN_OBJC_IMPLICIT_RETAIN_SELF = YES;
				CLANG_WARN_OBJC_LITERAL_CONVERSION = YES;
				CLANG_WARN_OBJC_ROOT_CLASS = YES_ERROR;
				CLANG_WARN_QUOTED_INCLUDE_IN_FRAMEWORK_HEADER = YES;
				CLANG_WARN_RANGE_LOOP_ANALYSIS = YES;
				CLANG_WARN_STRICT_PROTOTYPES = YES;
				CLANG_WARN_SUSPICIOUS_MOVE = YES;
				CLANG_WARN_UNGUARDED_AVAILABILITY = YES_AGGRESSIVE;
				CLANG_WARN_UNREACHABLE_CODE = YES;
				CLANG_WARN__DUPLICATE_METHOD_MATCH = YES;
				COPY_PHASE_STRIP = NO;
				DEBUG_INFORMATION_FORMAT = dwarf;
				ENABLE_STRICT_OBJC_MSGSEND = YES;
				ENABLE_TESTABILITY = YES;
				GCC_C_LANGUAGE_STANDARD = gnu11;
				GCC_DYNAMIC_NO_PIC = NO;
				GCC_NO_COMMON_BLOCKS = YES;
				GCC_OPTIMIZATION_LEVEL = 0;
				GCC_PREPROCESSOR_DEFINITIONS = (
					"DEBUG=1",
					"$(inherited)",
				);
				GCC_WARN_64_TO_32_BIT_CONVERSION = YES;
				GCC_WARN_ABOUT_RETURN_TYPE = YES_ERROR;
				GCC_WARN_UNDECLARED_SELECTOR = YES;
				GCC_WARN_UNINITIALIZED_AUTOS = YES_AGGRESSIVE;
				GCC_WARN_UNUSED_FUNCTION = YES;
				GCC_WARN_UNUSED_VARIABLE = YES;
				IPHONEOS_DEPLOYMENT_TARGET = 16.2;
				MTL_ENABLE_DEBUG_INFO = INCLUDE_SOURCE;
				MTL_FAST_MATH = YES;
				ONLY_ACTIVE_ARCH = YES;
				SDKROOT = iphoneos;
				SWIFT_ACTIVE_COMPILATION_CONDITIONS = DEBUG;
				SWIFT_OPTIMIZATION_LEVEL = "-Onone";
			};
			name = Debug;
		};
		70A0097029BC81EE002FD854 /* Release */ = {
			isa = XCBuildConfiguration;
			buildSettings = {
				ALWAYS_SEARCH_USER_PATHS = NO;
				CLANG_ANALYZER_NONNULL = YES;
				CLANG_ANALYZER_NUMBER_OBJECT_CONVERSION = YES_AGGRESSIVE;
				CLANG_CXX_LANGUAGE_STANDARD = "gnu++20";
				CLANG_ENABLE_MODULES = YES;
				CLANG_ENABLE_OBJC_ARC = YES;
				CLANG_ENABLE_OBJC_WEAK = YES;
				CLANG_WARN_BLOCK_CAPTURE_AUTORELEASING = YES;
				CLANG_WARN_BOOL_CONVERSION = YES;
				CLANG_WARN_COMMA = YES;
				CLANG_WARN_CONSTANT_CONVERSION = YES;
				CLANG_WARN_DEPRECATED_OBJC_IMPLEMENTATIONS = YES;
				CLANG_WARN_DIRECT_OBJC_ISA_USAGE = YES_ERROR;
				CLANG_WARN_DOCUMENTATION_COMMENTS = YES;
				CLANG_WARN_EMPTY_BODY = YES;
				CLANG_WARN_ENUM_CONVERSION = YES;
				CLANG_WARN_INFINITE_RECURSION = YES;
				CLANG_WARN_INT_CONVERSION = YES;
				CLANG_WARN_NON_LITERAL_NULL_CONVERSION = YES;
				CLANG_WARN_OBJC_IMPLICIT_RETAIN_SELF = YES;
				CLANG_WARN_OBJC_LITERAL_CONVERSION = YES;
				CLANG_WARN_OBJC_ROOT_CLASS = YES_ERROR;
				CLANG_WARN_QUOTED_INCLUDE_IN_FRAMEWORK_HEADER = YES;
				CLANG_WARN_RANGE_LOOP_ANALYSIS = YES;
				CLANG_WARN_STRICT_PROTOTYPES = YES;
				CLANG_WARN_SUSPICIOUS_MOVE = YES;
				CLANG_WARN_UNGUARDED_AVAILABILITY = YES_AGGRESSIVE;
				CLANG_WARN_UNREACHABLE_CODE = YES;
				CLANG_WARN__DUPLICATE_METHOD_MATCH = YES;
				COPY_PHASE_STRIP = NO;
				DEBUG_INFORMATION_FORMAT = "dwarf-with-dsym";
				ENABLE_NS_ASSERTIONS = NO;
				ENABLE_STRICT_OBJC_MSGSEND = YES;
				GCC_C_LANGUAGE_STANDARD = gnu11;
				GCC_NO_COMMON_BLOCKS = YES;
				GCC_WARN_64_TO_32_BIT_CONVERSION = YES;
				GCC_WARN_ABOUT_RETURN_TYPE = YES_ERROR;
				GCC_WARN_UNDECLARED_SELECTOR = YES;
				GCC_WARN_UNINITIALIZED_AUTOS = YES_AGGRESSIVE;
				GCC_WARN_UNUSED_FUNCTION = YES;
				GCC_WARN_UNUSED_VARIABLE = YES;
				IPHONEOS_DEPLOYMENT_TARGET = 16.2;
				MTL_ENABLE_DEBUG_INFO = NO;
				MTL_FAST_MATH = YES;
				SDKROOT = iphoneos;
				SWIFT_COMPILATION_MODE = wholemodule;
				SWIFT_OPTIMIZATION_LEVEL = "-O";
				VALIDATE_PRODUCT = YES;
			};
			name = Release;
		};
		70A0097229BC81EE002FD854 /* Debug */ = {
			isa = XCBuildConfiguration;
			buildSettings = {
				ASSETCATALOG_COMPILER_APPICON_NAME = AppIcon;
				ASSETCATALOG_COMPILER_GLOBAL_ACCENT_COLOR_NAME = AccentColor;
				CODE_SIGN_STYLE = Automatic;
				CURRENT_PROJECT_VERSION = 1;
				DEVELOPMENT_TEAM = P6CC47D7WM;
				GENERATE_INFOPLIST_FILE = YES;
				INFOPLIST_FILE = "Netflix Clone/Info.plist";
				INFOPLIST_KEY_UIApplicationSupportsIndirectInputEvents = YES;
				INFOPLIST_KEY_UILaunchStoryboardName = LaunchScreen;
				INFOPLIST_KEY_UISupportedInterfaceOrientations_iPad = "UIInterfaceOrientationPortrait UIInterfaceOrientationPortraitUpsideDown UIInterfaceOrientationLandscapeLeft UIInterfaceOrientationLandscapeRight";
				INFOPLIST_KEY_UISupportedInterfaceOrientations_iPhone = "UIInterfaceOrientationPortrait UIInterfaceOrientationLandscapeLeft UIInterfaceOrientationLandscapeRight";
				LD_RUNPATH_SEARCH_PATHS = (
					"$(inherited)",
					"@executable_path/Frameworks",
				);
				MARKETING_VERSION = 1.0;
				PRODUCT_BUNDLE_IDENTIFIER = "com.macwyane.Netflix-Clone";
				PRODUCT_NAME = "$(TARGET_NAME)";
				SWIFT_EMIT_LOC_STRINGS = YES;
				SWIFT_VERSION = 5.0;
				TARGETED_DEVICE_FAMILY = "1,2";
			};
			name = Debug;
		};
		70A0097329BC81EE002FD854 /* Release */ = {
			isa = XCBuildConfiguration;
			buildSettings = {
				ASSETCATALOG_COMPILER_APPICON_NAME = AppIcon;
				ASSETCATALOG_COMPILER_GLOBAL_ACCENT_COLOR_NAME = AccentColor;
				CODE_SIGN_STYLE = Automatic;
				CURRENT_PROJECT_VERSION = 1;
				DEVELOPMENT_TEAM = P6CC47D7WM;
				GENERATE_INFOPLIST_FILE = YES;
				INFOPLIST_FILE = "Netflix Clone/Info.plist";
				INFOPLIST_KEY_UIApplicationSupportsIndirectInputEvents = YES;
				INFOPLIST_KEY_UILaunchStoryboardName = LaunchScreen;
				INFOPLIST_KEY_UISupportedInterfaceOrientations_iPad = "UIInterfaceOrientationPortrait UIInterfaceOrientationPortraitUpsideDown UIInterfaceOrientationLandscapeLeft UIInterfaceOrientationLandscapeRight";
				INFOPLIST_KEY_UISupportedInterfaceOrientations_iPhone = "UIInterfaceOrientationPortrait UIInterfaceOrientationLandscapeLeft UIInterfaceOrientationLandscapeRight";
				LD_RUNPATH_SEARCH_PATHS = (
					"$(inherited)",
					"@executable_path/Frameworks",
				);
				MARKETING_VERSION = 1.0;
				PRODUCT_BUNDLE_IDENTIFIER = "com.macwyane.Netflix-Clone";
				PRODUCT_NAME = "$(TARGET_NAME)";
				SWIFT_EMIT_LOC_STRINGS = YES;
				SWIFT_VERSION = 5.0;
				TARGETED_DEVICE_FAMILY = "1,2";
			};
			name = Release;
		};
		70A0097529BC81EE002FD854 /* Debug */ = {
			isa = XCBuildConfiguration;
			buildSettings = {
				ALWAYS_EMBED_SWIFT_STANDARD_LIBRARIES = YES;
				BUNDLE_LOADER = "$(TEST_HOST)";
				CODE_SIGN_STYLE = Automatic;
				CURRENT_PROJECT_VERSION = 1;
				DEVELOPMENT_TEAM = P6CC47D7WM;
				GENERATE_INFOPLIST_FILE = YES;
				IPHONEOS_DEPLOYMENT_TARGET = 16.2;
				MARKETING_VERSION = 1.0;
				PRODUCT_BUNDLE_IDENTIFIER = "com.macwyane.Netflix-CloneTests";
				PRODUCT_NAME = "$(TARGET_NAME)";
				SWIFT_EMIT_LOC_STRINGS = NO;
				SWIFT_VERSION = 5.0;
				TARGETED_DEVICE_FAMILY = "1,2";
				TEST_HOST = "$(BUILT_PRODUCTS_DIR)/Netflix Clone.app/$(BUNDLE_EXECUTABLE_FOLDER_PATH)/Netflix Clone";
			};
			name = Debug;
		};
		70A0097629BC81EE002FD854 /* Release */ = {
			isa = XCBuildConfiguration;
			buildSettings = {
				ALWAYS_EMBED_SWIFT_STANDARD_LIBRARIES = YES;
				BUNDLE_LOADER = "$(TEST_HOST)";
				CODE_SIGN_STYLE = Automatic;
				CURRENT_PROJECT_VERSION = 1;
				DEVELOPMENT_TEAM = P6CC47D7WM;
				GENERATE_INFOPLIST_FILE = YES;
				IPHONEOS_DEPLOYMENT_TARGET = 16.2;
				MARKETING_VERSION = 1.0;
				PRODUCT_BUNDLE_IDENTIFIER = "com.macwyane.Netflix-CloneTests";
				PRODUCT_NAME = "$(TARGET_NAME)";
				SWIFT_EMIT_LOC_STRINGS = NO;
				SWIFT_VERSION = 5.0;
				TARGETED_DEVICE_FAMILY = "1,2";
				TEST_HOST = "$(BUILT_PRODUCTS_DIR)/Netflix Clone.app/$(BUNDLE_EXECUTABLE_FOLDER_PATH)/Netflix Clone";
			};
			name = Release;
		};
		70A0097829BC81EE002FD854 /* Debug */ = {
			isa = XCBuildConfiguration;
			buildSettings = {
				ALWAYS_EMBED_SWIFT_STANDARD_LIBRARIES = YES;
				CODE_SIGN_STYLE = Automatic;
				CURRENT_PROJECT_VERSION = 1;
				DEVELOPMENT_TEAM = P6CC47D7WM;
				GENERATE_INFOPLIST_FILE = YES;
				MARKETING_VERSION = 1.0;
				PRODUCT_BUNDLE_IDENTIFIER = "com.macwyane.Netflix-CloneUITests";
				PRODUCT_NAME = "$(TARGET_NAME)";
				SWIFT_EMIT_LOC_STRINGS = NO;
				SWIFT_VERSION = 5.0;
				TARGETED_DEVICE_FAMILY = "1,2";
				TEST_TARGET_NAME = "Netflix Clone";
			};
			name = Debug;
		};
		70A0097929BC81EE002FD854 /* Release */ = {
			isa = XCBuildConfiguration;
			buildSettings = {
				ALWAYS_EMBED_SWIFT_STANDARD_LIBRARIES = YES;
				CODE_SIGN_STYLE = Automatic;
				CURRENT_PROJECT_VERSION = 1;
				DEVELOPMENT_TEAM = P6CC47D7WM;
				GENERATE_INFOPLIST_FILE = YES;
				MARKETING_VERSION = 1.0;
				PRODUCT_BUNDLE_IDENTIFIER = "com.macwyane.Netflix-CloneUITests";
				PRODUCT_NAME = "$(TARGET_NAME)";
				SWIFT_EMIT_LOC_STRINGS = NO;
				SWIFT_VERSION = 5.0;
				TARGETED_DEVICE_FAMILY = "1,2";
				TEST_TARGET_NAME = "Netflix Clone";
			};
			name = Release;
		};
/* End XCBuildConfiguration section */

/* Begin XCConfigurationList section */
		70A0094229BC81EC002FD854 /* Build configuration list for PBXProject "Netflix Clone" */ = {
			isa = XCConfigurationList;
			buildConfigurations = (
				70A0096F29BC81EE002FD854 /* Debug */,
				70A0097029BC81EE002FD854 /* Release */,
			);
			defaultConfigurationIsVisible = 0;
			defaultConfigurationName = Release;
		};
		70A0097129BC81EE002FD854 /* Build configuration list for PBXNativeTarget "Netflix Clone" */ = {
			isa = XCConfigurationList;
			buildConfigurations = (
				70A0097229BC81EE002FD854 /* Debug */,
				70A0097329BC81EE002FD854 /* Release */,
			);
			defaultConfigurationIsVisible = 0;
			defaultConfigurationName = Release;
		};
		70A0097429BC81EE002FD854 /* Build configuration list for PBXNativeTarget "Netflix CloneTests" */ = {
			isa = XCConfigurationList;
			buildConfigurations = (
				70A0097529BC81EE002FD854 /* Debug */,
				70A0097629BC81EE002FD854 /* Release */,
			);
			defaultConfigurationIsVisible = 0;
			defaultConfigurationName = Release;
		};
		70A0097729BC81EE002FD854 /* Build configuration list for PBXNativeTarget "Netflix CloneUITests" */ = {
			isa = XCConfigurationList;
			buildConfigurations = (
				70A0097829BC81EE002FD854 /* Debug */,
				70A0097929BC81EE002FD854 /* Release */,
			);
			defaultConfigurationIsVisible = 0;
			defaultConfigurationName = Release;
		};
/* End XCConfigurationList section */

/* Begin XCRemoteSwiftPackageReference section */
		70A0099329BDA68C002FD854 /* XCRemoteSwiftPackageReference "SDWebImage" */ = {
			isa = XCRemoteSwiftPackageReference;
			repositoryURL = "https://github.com/SDWebImage/SDWebImage.git";
			requirement = {
				kind = upToNextMajorVersion;
				minimumVersion = 5.0.0;
			};
		};
/* End XCRemoteSwiftPackageReference section */

/* Begin XCSwiftPackageProductDependency section */
		70A0099429BDA68C002FD854 /* SDWebImage */ = {
			isa = XCSwiftPackageProductDependency;
			package = 70A0099329BDA68C002FD854 /* XCRemoteSwiftPackageReference "SDWebImage" */;
			productName = SDWebImage;
		};
		70A0099629BDA68C002FD854 /* SDWebImageMapKit */ = {
			isa = XCSwiftPackageProductDependency;
			package = 70A0099329BDA68C002FD854 /* XCRemoteSwiftPackageReference "SDWebImage" */;
			productName = SDWebImageMapKit;
		};
/* End XCSwiftPackageProductDependency section */
	};
	rootObject = 70A0093F29BC81EC002FD854 /* Project object */;
}
